
Microsoft Visual Studio Solution File, Format Version 12.00
# Visual Studio Version 16
VisualStudioVersion = 16.0.31313.79
MinimumVisualStudioVersion = 10.0.40219.1
Project("{FAE04EC0-301F-11D3-BF4B-00C04F79EFBC}") = "ToDo_App", "ToDo_App\ToDo_App.csproj", "{0621D28B-6C77-47B7-A416-301364CD32EF}"
EndProject
Global
	GlobalSection(SolutionConfigurationPlatforms) = preSolution
		Debug|Any CPU = Debug|Any CPU
		Release|Any CPU = Release|Any CPU
	EndGlobalSection
	GlobalSection(ProjectConfigurationPlatforms) = postSolution
		{0621D28B-6C77-47B7-A416-301364CD32EF}.Debug|Any CPU.ActiveCfg = Debug|Any CPU
		{0621D28B-6C77-47B7-A416-301364CD32EF}.Debug|Any CPU.Build.0 = Debug|Any CPU
		{0621D28B-6C77-47B7-A416-301364CD32EF}.Release|Any CPU.ActiveCfg = Release|Any CPU
		{0621D28B-6C77-47B7-A416-301364CD32EF}.Release|Any CPU.Build.0 = Release|Any CPU
	EndGlobalSection
	GlobalSection(SolutionProperties) = preSolution
		HideSolutionNode = FALSE
	EndGlobalSection
	GlobalSection(ExtensibilityGlobals) = postSolution
		SolutionGuid = {8B31E6CD-7F83-42AA-9841-2AD954E0C831}
	EndGlobalSection
EndGlobal
